
Microsoft Visual Studio Solution File, Format Version 12.00
# Visual Studio Version 17
VisualStudioVersion = 17.8.34525.116
MinimumVisualStudioVersion = 10.0.40219.1
Project("{8BC9CEB8-8B4A-11D0-8D11-00A0C91BC942}") = "GPU_SVOEngine", "GPU_SVOEngine\GPU_SVOEngine.vcxproj", "{42534C9D-FDF8-4978-8C10-DB0EE83104AC}"
	ProjectSection(ProjectDependencies) = postProject
		{1E2D7D1B-7FFD-4D00-B16D-E72B320E12C4} = {1E2D7D1B-7FFD-4D00-B16D-E72B320E12C4}
		{2384C8C7-A1B3-4DBB-853D-70BA578334B7} = {2384C8C7-A1B3-4DBB-853D-70BA578334B7}
	EndProjectSection
EndProject
Project("{8BC9CEB8-8B4A-11D0-8D11-00A0C91BC942}") = "ImGui", "ImGui\ImGui.vcxproj", "{2384C8C7-A1B3-4DBB-853D-70BA578334B7}"
EndProject
Project("{8BC9CEB8-8B4A-11D0-8D11-00A0C91BC942}") = "VkPlayground", "VkPlayground\VkPlayground.vcxproj", "{1E2D7D1B-7FFD-4D00-B16D-E72B320E12C4}"
EndProject
Project("{9A19103F-16F7-4668-BE54-9A1E7A4F7556}") = "Voxelizer", "Voxelizer\Voxelizer.csproj", "{EAF8ABF7-637F-4A45-90EF-044C99D8D47A}"
EndProject
Global
	GlobalSection(SolutionConfigurationPlatforms) = preSolution
		Debug|Any CPU = Debug|Any CPU
		Debug|x64 = Debug|x64
		Debug|x86 = Debug|x86
		Release|Any CPU = Release|Any CPU
		Release|x64 = Release|x64
		Release|x86 = Release|x86
	EndGlobalSection
	GlobalSection(ProjectConfigurationPlatforms) = postSolution
		{42534C9D-FDF8-4978-8C10-DB0EE83104AC}.Debug|Any CPU.ActiveCfg = Debug|x64
		{42534C9D-FDF8-4978-8C10-DB0EE83104AC}.Debug|Any CPU.Build.0 = Debug|x64
		{42534C9D-FDF8-4978-8C10-DB0EE83104AC}.Debug|x64.ActiveCfg = Debug|x64
		{42534C9D-FDF8-4978-8C10-DB0EE83104AC}.Debug|x64.Build.0 = Debug|x64
		{42534C9D-FDF8-4978-8C10-DB0EE83104AC}.Debug|x86.ActiveCfg = Debug|Win32
		{42534C9D-FDF8-4978-8C10-DB0EE83104AC}.Debug|x86.Build.0 = Debug|Win32
		{42534C9D-FDF8-4978-8C10-DB0EE83104AC}.Release|Any CPU.ActiveCfg = Release|x64
		{42534C9D-FDF8-4978-8C10-DB0EE83104AC}.Release|Any CPU.Build.0 = Release|x64
		{42534C9D-FDF8-4978-8C10-DB0EE83104AC}.Release|x64.ActiveCfg = Release|x64
		{42534C9D-FDF8-4978-8C10-DB0EE83104AC}.Release|x64.Build.0 = Release|x64
		{42534C9D-FDF8-4978-8C10-DB0EE83104AC}.Release|x86.ActiveCfg = Release|Win32
		{42534C9D-FDF8-4978-8C10-DB0EE83104AC}.Release|x86.Build.0 = Release|Win32
		{2384C8C7-A1B3-4DBB-853D-70BA578334B7}.Debug|Any CPU.ActiveCfg = Debug|x64
		{2384C8C7-A1B3-4DBB-853D-70BA578334B7}.Debug|Any CPU.Build.0 = Debug|x64
		{2384C8C7-A1B3-4DBB-853D-70BA578334B7}.Debug|x64.ActiveCfg = Debug|x64
		{2384C8C7-A1B3-4DBB-853D-70BA578334B7}.Debug|x64.Build.0 = Debug|x64
		{2384C8C7-A1B3-4DBB-853D-70BA578334B7}.Debug|x86.ActiveCfg = Debug|Win32
		{2384C8C7-A1B3-4DBB-853D-70BA578334B7}.Debug|x86.Build.0 = Debug|Win32
		{2384C8C7-A1B3-4DBB-853D-70BA578334B7}.Release|Any CPU.ActiveCfg = Release|x64
		{2384C8C7-A1B3-4DBB-853D-70BA578334B7}.Release|Any CPU.Build.0 = Release|x64
		{2384C8C7-A1B3-4DBB-853D-70BA578334B7}.Release|x64.ActiveCfg = Release|x64
		{2384C8C7-A1B3-4DBB-853D-70BA578334B7}.Release|x64.Build.0 = Release|x64
		{2384C8C7-A1B3-4DBB-853D-70BA578334B7}.Release|x86.ActiveCfg = Release|Win32
		{2384C8C7-A1B3-4DBB-853D-70BA578334B7}.Release|x86.Build.0 = Release|Win32
		{1E2D7D1B-7FFD-4D00-B16D-E72B320E12C4}.Debug|Any CPU.ActiveCfg = Debug|x64
		{1E2D7D1B-7FFD-4D00-B16D-E72B320E12C4}.Debug|Any CPU.Build.0 = Debug|x64
		{1E2D7D1B-7FFD-4D00-B16D-E72B320E12C4}.Debug|x64.ActiveCfg = Debug|x64
		{1E2D7D1B-7FFD-4D00-B16D-E72B320E12C4}.Debug|x64.Build.0 = Debug|x64
		{1E2D7D1B-7FFD-4D00-B16D-E72B320E12C4}.Debug|x86.ActiveCfg = Debug|Win32
		{1E2D7D1B-7FFD-4D00-B16D-E72B320E12C4}.Debug|x86.Build.0 = Debug|Win32
		{1E2D7D1B-7FFD-4D00-B16D-E72B320E12C4}.Release|Any CPU.ActiveCfg = Release|x64
		{1E2D7D1B-7FFD-4D00-B16D-E72B320E12C4}.Release|Any CPU.Build.0 = Release|x64
		{1E2D7D1B-7FFD-4D00-B16D-E72B320E12C4}.Release|x64.ActiveCfg = Release|x64
		{1E2D7D1B-7FFD-4D00-B16D-E72B320E12C4}.Release|x64.Build.0 = Release|x64
		{1E2D7D1B-7FFD-4D00-B16D-E72B320E12C4}.Release|x86.ActiveCfg = Release|Win32
		{1E2D7D1B-7FFD-4D00-B16D-E72B320E12C4}.Release|x86.Build.0 = Release|Win32
		{EAF8ABF7-637F-4A45-90EF-044C99D8D47A}.Debug|Any CPU.ActiveCfg = Debug|Any CPU
		{EAF8ABF7-637F-4A45-90EF-044C99D8D47A}.Debug|Any CPU.Build.0 = Debug|Any CPU
		{EAF8ABF7-637F-4A45-90EF-044C99D8D47A}.Debug|x64.ActiveCfg = Debug|Any CPU
		{EAF8ABF7-637F-4A45-90EF-044C99D8D47A}.Debug|x64.Build.0 = Debug|Any CPU
		{EAF8ABF7-637F-4A45-90EF-044C99D8D47A}.Debug|x86.ActiveCfg = Debug|Any CPU
		{EAF8ABF7-637F-4A45-90EF-044C99D8D47A}.Debug|x86.Build.0 = Debug|Any CPU
		{EAF8ABF7-637F-4A45-90EF-044C99D8D47A}.Release|Any CPU.ActiveCfg = Release|Any CPU
		{EAF8ABF7-637F-4A45-90EF-044C99D8D47A}.Release|Any CPU.Build.0 = Release|Any CPU
		{EAF8ABF7-637F-4A45-90EF-044C99D8D47A}.Release|x64.ActiveCfg = Release|Any CPU
		{EAF8ABF7-637F-4A45-90EF-044C99D8D47A}.Release|x64.Build.0 = Release|Any CPU
		{EAF8ABF7-637F-4A45-90EF-044C99D8D47A}.Release|x86.ActiveCfg = Release|Any CPU
		{EAF8ABF7-637F-4A45-90EF-044C99D8D47A}.Release|x86.Build.0 = Release|Any CPU
	EndGlobalSection
	GlobalSection(SolutionProperties) = preSolution
		HideSolutionNode = FALSE
	EndGlobalSection
	GlobalSection(ExtensibilityGlobals) = postSolution
		SolutionGuid = {191D28F6-CAF4-4685-AF8F-62CF9E848621}
	EndGlobalSection
EndGlobal
