
Microsoft Visual Studio Solution File, Format Version 12.00
# Visual Studio Version 17
VisualStudioVersion = 17.8.34525.116
MinimumVisualStudioVersion = 10.0.40219.1
Project("{8BC9CEB8-8B4A-11D0-8D11-00A0C91BC942}") = "GPU_SVOEngine", "GPU_SVOEngine\GPU_SVOEngine.vcxproj", "{42534C9D-FDF8-4978-8C10-DB0EE83104AC}"
	ProjectSection(ProjectDependencies) = postProject
		{2384C8C7-A1B3-4DBB-853D-70BA578334B7} = {2384C8C7-A1B3-4DBB-853D-70BA578334B7}
	EndProjectSection
EndProject
Project("{8BC9CEB8-8B4A-11D0-8D11-00A0C91BC942}") = "ImGui", "ImGui\ImGui.vcxproj", "{2384C8C7-A1B3-4DBB-853D-70BA578334B7}"
EndProject
Global
	GlobalSection(SolutionConfigurationPlatforms) = preSolution
		Debug|x64 = Debug|x64
		Debug|x86 = Debug|x86
		Release|x64 = Release|x64
		Release|x86 = Release|x86
	EndGlobalSection
	GlobalSection(ProjectConfigurationPlatforms) = postSolution
		{42534C9D-FDF8-4978-8C10-DB0EE83104AC}.Debug|x64.ActiveCfg = Debug|x64
		{42534C9D-FDF8-4978-8C10-DB0EE83104AC}.Debug|x64.Build.0 = Debug|x64
		{42534C9D-FDF8-4978-8C10-DB0EE83104AC}.Debug|x86.ActiveCfg = Debug|Win32
		{42534C9D-FDF8-4978-8C10-DB0EE83104AC}.Debug|x86.Build.0 = Debug|Win32
		{42534C9D-FDF8-4978-8C10-DB0EE83104AC}.Release|x64.ActiveCfg = Release|x64
		{42534C9D-FDF8-4978-8C10-DB0EE83104AC}.Release|x64.Build.0 = Release|x64
		{42534C9D-FDF8-4978-8C10-DB0EE83104AC}.Release|x86.ActiveCfg = Release|Win32
		{42534C9D-FDF8-4978-8C10-DB0EE83104AC}.Release|x86.Build.0 = Release|Win32
		{2384C8C7-A1B3-4DBB-853D-70BA578334B7}.Debug|x64.ActiveCfg = Debug|x64
		{2384C8C7-A1B3-4DBB-853D-70BA578334B7}.Debug|x64.Build.0 = Debug|x64
		{2384C8C7-A1B3-4DBB-853D-70BA578334B7}.Debug|x86.ActiveCfg = Debug|Win32
		{2384C8C7-A1B3-4DBB-853D-70BA578334B7}.Debug|x86.Build.0 = Debug|Win32
		{2384C8C7-A1B3-4DBB-853D-70BA578334B7}.Release|x64.ActiveCfg = Release|x64
		{2384C8C7-A1B3-4DBB-853D-70BA578334B7}.Release|x64.Build.0 = Release|x64
		{2384C8C7-A1B3-4DBB-853D-70BA578334B7}.Release|x86.ActiveCfg = Release|Win32
		{2384C8C7-A1B3-4DBB-853D-70BA578334B7}.Release|x86.Build.0 = Release|Win32
	EndGlobalSection
	GlobalSection(SolutionProperties) = preSolution
		HideSolutionNode = FALSE
	EndGlobalSection
	GlobalSection(ExtensibilityGlobals) = postSolution
		SolutionGuid = {191D28F6-CAF4-4685-AF8F-62CF9E848621}
	EndGlobalSection
EndGlobal
